{
  "name": "next-auth",
  "version": "0.1.0",
  "lockfileVersion": 3,
  "requires": true,
  "packages": {
    "": {
      "name": "next-auth",
      "version": "0.1.0",
      "license": "Apache 2.0",
      "dependencies": {
        "next": "13.4.19",
        "next-auth": "4.17.0",
        "react": "18.2.0",
        "react-dom": "18.2.0"
      },
      "devDependencies": {
        "@types/node": "20.5.9",
        "@types/react": "18.2.21",
        "typescript": "5.2.2"
      },
      "engines": {
        "node": ">=14.0.0"
      }
    },
    "node_modules/@babel/runtime": {
      "version": "7.23.1",
      "resolved": "https://registry.npmjs.org/@babel/runtime/-/runtime-7.23.1.tgz",
      "integrity": "sha512-hC2v6p8ZSI/W0HUzh3V8C5g+NwSKzKPtJwSpTjwl0o297GP9+ZLQSkdvHz46CM3LqyoXxq+5G9komY+eSqSO0g==",
      "dependencies": {
        "regenerator-runtime": "^0.14.0"
      },
      "engines": {
        "node": ">=6.9.0"
      }
    },
    "node_modules/@next/env": {
      "version": "13.4.19",
      "license": "MIT"
    },
    "node_modules/@next/swc-darwin-arm64": {
      "version": "13.4.19",
      "cpu": [
        "arm64"
      ],
      "license": "MIT",
      "optional": true,
      "os": [
        "darwin"
      ],
      "engines": {
        "node": ">= 10"
      }
    },
    "node_modules/@next/swc-darwin-x64": {
      "version": "13.4.19",
      "resolved": "https://registry.npmjs.org/@next/swc-darwin-x64/-/swc-darwin-x64-13.4.19.tgz",
      "integrity": "sha512-jyzO6wwYhx6F+7gD8ddZfuqO4TtpJdw3wyOduR4fxTUCm3aLw7YmHGYNjS0xRSYGAkLpBkH1E0RcelyId6lNsw==",
      "cpu": [
        "x64"
      ],
      "optional": true,
      "os": [
        "darwin"
      ],
      "engines": {
        "node": ">= 10"
      }
    },
    "node_modules/@next/swc-linux-arm64-gnu": {
      "version": "13.4.19",
      "resolved": "https://registry.npmjs.org/@next/swc-linux-arm64-gnu/-/swc-linux-arm64-gnu-13.4.19.tgz",
      "integrity": "sha512-vdlnIlaAEh6H+G6HrKZB9c2zJKnpPVKnA6LBwjwT2BTjxI7e0Hx30+FoWCgi50e+YO49p6oPOtesP9mXDRiiUg==",
      "cpu": [
        "arm64"
      ],
      "optional": true,
      "os": [
        "linux"
      ],
      "engines": {
        "node": ">= 10"
      }
    },
    "node_modules/@next/swc-linux-arm64-musl": {
      "version": "13.4.19",
      "resolved": "https://registry.npmjs.org/@next/swc-linux-arm64-musl/-/swc-linux-arm64-musl-13.4.19.tgz",
      "integrity": "sha512-aU0HkH2XPgxqrbNRBFb3si9Ahu/CpaR5RPmN2s9GiM9qJCiBBlZtRTiEca+DC+xRPyCThTtWYgxjWHgU7ZkyvA==",
      "cpu": [
        "arm64"
      ],
      "optional": true,
      "os": [
        "linux"
      ],
      "engines": {
        "node": ">= 10"
      }
    },
    "node_modules/@next/swc-linux-x64-gnu": {
      "version": "13.4.19",
      "resolved": "https://registry.npmjs.org/@next/swc-linux-x64-gnu/-/swc-linux-x64-gnu-13.4.19.tgz",
      "integrity": "sha512-htwOEagMa/CXNykFFeAHHvMJeqZfNQEoQvHfsA4wgg5QqGNqD5soeCer4oGlCol6NGUxknrQO6VEustcv+Md+g==",
      "cpu": [
        "x64"
      ],
      "optional": true,
      "os": [
        "linux"
      ],
      "engines": {
        "node": ">= 10"
      }
    },
    "node_modules/@next/swc-linux-x64-musl": {
      "version": "13.4.19",
      "resolved": "https://registry.npmjs.org/@next/swc-linux-x64-musl/-/swc-linux-x64-musl-13.4.19.tgz",
      "integrity": "sha512-4Gj4vvtbK1JH8ApWTT214b3GwUh9EKKQjY41hH/t+u55Knxi/0wesMzwQRhppK6Ddalhu0TEttbiJ+wRcoEj5Q==",
      "cpu": [
        "x64"
      ],
      "optional": true,
      "os": [
        "linux"
      ],
      "engines": {
        "node": ">= 10"
      }
    },
    "node_modules/@next/swc-win32-arm64-msvc": {
      "version": "13.4.19",
      "resolved": "https://registry.npmjs.org/@next/swc-win32-arm64-msvc/-/swc-win32-arm64-msvc-13.4.19.tgz",
      "integrity": "sha512-bUfDevQK4NsIAHXs3/JNgnvEY+LRyneDN788W2NYiRIIzmILjba7LaQTfihuFawZDhRtkYCv3JDC3B4TwnmRJw==",
      "cpu": [
        "arm64"
      ],
      "optional": true,
      "os": [
        "win32"
      ],
      "engines": {
        "node": ">= 10"
      }
    },
    "node_modules/@next/swc-win32-ia32-msvc": {
      "version": "13.4.19",
      "resolved": "https://registry.npmjs.org/@next/swc-win32-ia32-msvc/-/swc-win32-ia32-msvc-13.4.19.tgz",
      "integrity": "sha512-Y5kikILFAr81LYIFaw6j/NrOtmiM4Sf3GtOc0pn50ez2GCkr+oejYuKGcwAwq3jiTKuzF6OF4iT2INPoxRycEA==",
      "cpu": [
        "ia32"
      ],
      "optional": true,
      "os": [
        "win32"
      ],
      "engines": {
        "node": ">= 10"
      }
    },
    "node_modules/@next/swc-win32-x64-msvc": {
      "version": "13.4.19",
      "resolved": "https://registry.npmjs.org/@next/swc-win32-x64-msvc/-/swc-win32-x64-msvc-13.4.19.tgz",
      "integrity": "sha512-YzA78jBDXMYiINdPdJJwGgPNT3YqBNNGhsthsDoWHL9p24tEJn9ViQf/ZqTbwSpX/RrkPupLfuuTH2sf73JBAw==",
      "cpu": [
        "x64"
      ],
      "optional": true,
      "os": [
        "win32"
      ],
      "engines": {
        "node": ">= 10"
      }
    },
    "node_modules/@panva/hkdf": {
      "version": "1.1.1",
      "resolved": "https://registry.npmjs.org/@panva/hkdf/-/hkdf-1.1.1.tgz",
      "integrity": "sha512-dhPeilub1NuIG0X5Kvhh9lH4iW3ZsHlnzwgwbOlgwQ2wG1IqFzsgHqmKPk3WzsdWAeaxKJxgM0+W433RmN45GA==",
      "funding": {
        "url": "https://github.com/sponsors/panva"
      }
    },
    "node_modules/@swc/helpers": {
      "version": "0.5.1",
      "license": "Apache-2.0",
      "dependencies": {
        "tslib": "^2.4.0"
      }
    },
    "node_modules/@types/node": {
      "version": "20.5.9",
      "dev": true,
      "license": "MIT"
    },
    "node_modules/@types/prop-types": {
      "version": "15.7.7",
      "resolved": "https://registry.npmjs.org/@types/prop-types/-/prop-types-15.7.7.tgz",
      "integrity": "sha512-FbtmBWCcSa2J4zL781Zf1p5YUBXQomPEcep9QZCfRfQgTxz3pJWiDFLebohZ9fFntX5ibzOkSsrJ0TEew8cAog==",
      "dev": true
    },
    "node_modules/@types/react": {
      "version": "18.2.21",
      "dev": true,
      "license": "MIT",
      "dependencies": {
        "@types/prop-types": "*",
        "@types/scheduler": "*",
        "csstype": "^3.0.2"
      }
    },
    "node_modules/@types/scheduler": {
      "version": "0.16.4",
      "resolved": "https://registry.npmjs.org/@types/scheduler/-/scheduler-0.16.4.tgz",
      "integrity": "sha512-2L9ifAGl7wmXwP4v3pN4p2FLhD0O1qsJpvKmNin5VA8+UvNVb447UDaAEV6UdrkA+m/Xs58U1RFps44x6TFsVQ==",
      "dev": true
    },
    "node_modules/busboy": {
      "version": "1.6.0",
      "resolved": "https://registry.npmjs.org/busboy/-/busboy-1.6.0.tgz",
      "integrity": "sha512-8SFQbg/0hQ9xy3UNTB0YEnsNBbWfhf7RtnzpL7TkBiTBRfrQ9Fxcnz7VJsleJpyp6rVLvXiuORqjlHi5q+PYuA==",
      "dependencies": {
        "streamsearch": "^1.1.0"
      },
      "engines": {
        "node": ">=10.16.0"
      }
    },
    "node_modules/caniuse-lite": {
      "version": "1.0.30001541",
      "resolved": "https://registry.npmjs.org/caniuse-lite/-/caniuse-lite-1.0.30001541.tgz",
      "integrity": "sha512-bLOsqxDgTqUBkzxbNlSBt8annkDpQB9NdzdTbO2ooJ+eC/IQcvDspDc058g84ejCelF7vHUx57KIOjEecOHXaw==",
      "funding": [
        {
          "type": "opencollective",
          "url": "https://opencollective.com/browserslist"
        },
        {
          "type": "tidelift",
          "url": "https://tidelift.com/funding/github/npm/caniuse-lite"
        },
        {
          "type": "github",
          "url": "https://github.com/sponsors/ai"
        }
      ]
    },
    "node_modules/client-only": {
      "version": "0.0.1",
      "resolved": "https://registry.npmjs.org/client-only/-/client-only-0.0.1.tgz",
      "integrity": "sha512-IV3Ou0jSMzZrd3pZ48nLkT9DA7Ag1pnPzaiQhpW7c3RbcqqzvzzVu+L8gfqMp/8IM2MQtSiqaCxrrcfu8I8rMA=="
    },
    "node_modules/cookie": {
      "version": "0.5.0",
      "resolved": "https://registry.npmjs.org/cookie/-/cookie-0.5.0.tgz",
      "integrity": "sha512-YZ3GUyn/o8gfKJlnlX7g7xq4gyO6OSuhGPKaaGssGB2qgDUS0gPgtTvoyZLTt9Ab6dC4hfc9dV5arkvc/OCmrw==",
      "engines": {
        "node": ">= 0.6"
      }
    },
    "node_modules/csstype": {
      "version": "3.1.2",
      "resolved": "https://registry.npmjs.org/csstype/-/csstype-3.1.2.tgz",
      "integrity": "sha512-I7K1Uu0MBPzaFKg4nI5Q7Vs2t+3gWWW648spaF+Rg7pI9ds18Ugn+lvg4SHczUdKlHI5LWBXyqfS8+DufyBsgQ==",
      "dev": true
    },
    "node_modules/glob-to-regexp": {
      "version": "0.4.1",
      "resolved": "https://registry.npmjs.org/glob-to-regexp/-/glob-to-regexp-0.4.1.tgz",
      "integrity": "sha512-lkX1HJXwyMcprw/5YUZc2s7DrpAiHB21/V+E1rHUrVNokkvB6bqMzT0VfV6/86ZNabt1k14YOIaT7nDvOX3Iiw=="
    },
    "node_modules/graceful-fs": {
      "version": "4.2.11",
      "resolved": "https://registry.npmjs.org/graceful-fs/-/graceful-fs-4.2.11.tgz",
      "integrity": "sha512-RbJ5/jmFcNNCcDV5o9eTnBLJ/HszWV0P73bc+Ff4nS/rJj+YaS6IGyiOL0VoBYX+l1Wrl3k63h/KrH+nhJ0XvQ=="
    },
    "node_modules/jose": {
      "version": "4.14.6",
      "resolved": "https://registry.npmjs.org/jose/-/jose-4.14.6.tgz",
      "integrity": "sha512-EqJPEUlZD0/CSUMubKtMaYUOtWe91tZXTWMJZoKSbLk+KtdhNdcvppH8lA9XwVu2V4Ailvsj0GBZJ2ZwDjfesQ==",
      "funding": {
        "url": "https://github.com/sponsors/panva"
      }
    },
    "node_modules/js-tokens": {
      "version": "4.0.0",
      "resolved": "https://registry.npmjs.org/js-tokens/-/js-tokens-4.0.0.tgz",
      "integrity": "sha512-RdJUflcE3cUzKiMqQgsCu06FPu9UdIJO0beYbPhHN4k6apgJtifcoCtT9bcxOpYBtpD2kCM6Sbzg4CausW/PKQ=="
    },
    "node_modules/loose-envify": {
      "version": "1.4.0",
      "resolved": "https://registry.npmjs.org/loose-envify/-/loose-envify-1.4.0.tgz",
      "integrity": "sha512-lyuxPGr/Wfhrlem2CL/UcnUc1zcqKAImBDzukY7Y5F/yQiNdko6+fRLevlw1HgMySw7f611UIY408EtxRSoK3Q==",
      "dependencies": {
        "js-tokens": "^3.0.0 || ^4.0.0"
      },
      "bin": {
        "loose-envify": "cli.js"
      }
    },
    "node_modules/lru-cache": {
      "version": "6.0.0",
      "resolved": "https://registry.npmjs.org/lru-cache/-/lru-cache-6.0.0.tgz",
      "integrity": "sha512-Jo6dJ04CmSjuznwJSS3pUeWmd/H0ffTlkXXgwZi+eq1UCmqQwCh+eLsYOYCwY991i2Fah4h1BEMCx4qThGbsiA==",
      "dependencies": {
        "yallist": "^4.0.0"
      },
      "engines": {
        "node": ">=10"
      }
    },
    "node_modules/nanoid": {
      "version": "3.3.6",
      "resolved": "https://registry.npmjs.org/nanoid/-/nanoid-3.3.6.tgz",
      "integrity": "sha512-BGcqMMJuToF7i1rt+2PWSNVnWIkGCU78jBG3RxO/bZlnZPK2Cmi2QaffxGO/2RvWi9sL+FAiRiXMgsyxQ1DIDA==",
      "funding": [
        {
          "type": "github",
          "url": "https://github.com/sponsors/ai"
        }
      ],
      "bin": {
        "nanoid": "bin/nanoid.cjs"
      },
      "engines": {
        "node": "^10 || ^12 || ^13.7 || ^14 || >=15.0.1"
      }
    },
    "node_modules/next": {
      "version": "13.4.19",
      "license": "MIT",
      "dependencies": {
        "@next/env": "13.4.19",
        "@swc/helpers": "0.5.1",
        "busboy": "1.6.0",
        "caniuse-lite": "^1.0.30001406",
        "postcss": "8.4.14",
        "styled-jsx": "5.1.1",
        "watchpack": "2.4.0",
        "zod": "3.21.4"
      },
      "bin": {
        "next": "dist/bin/next"
      },
      "engines": {
        "node": ">=16.8.0"
      },
      "optionalDependencies": {
        "@next/swc-darwin-arm64": "13.4.19",
        "@next/swc-darwin-x64": "13.4.19",
        "@next/swc-linux-arm64-gnu": "13.4.19",
        "@next/swc-linux-arm64-musl": "13.4.19",
        "@next/swc-linux-x64-gnu": "13.4.19",
        "@next/swc-linux-x64-musl": "13.4.19",
        "@next/swc-win32-arm64-msvc": "13.4.19",
        "@next/swc-win32-ia32-msvc": "13.4.19",
        "@next/swc-win32-x64-msvc": "13.4.19"
      },
      "peerDependencies": {
        "@opentelemetry/api": "^1.1.0",
        "react": "^18.2.0",
        "react-dom": "^18.2.0",
        "sass": "^1.3.0"
      },
      "peerDependenciesMeta": {
        "@opentelemetry/api": {
          "optional": true
        },
        "sass": {
          "optional": true
        }
      }
    },
    "node_modules/next-auth": {
      "version": "4.17.0",
      "license": "ISC",
      "dependencies": {
        "@babel/runtime": "^7.16.3",
        "@panva/hkdf": "^1.0.1",
        "cookie": "^0.5.0",
        "jose": "^4.9.3",
        "oauth": "^0.9.15",
        "openid-client": "^5.1.0",
        "preact": "^10.6.3",
        "preact-render-to-string": "^5.1.19",
        "uuid": "^8.3.2"
      },
      "engines": {
        "node": "^12.19.0 || ^14.15.0 || ^16.13.0 || ^18.12.0"
      },
      "peerDependencies": {
        "next": "^12.2.5 || ^13",
        "nodemailer": "^6.6.5",
        "react": "^17.0.2 || ^18",
        "react-dom": "^17.0.2 || ^18"
      },
      "peerDependenciesMeta": {
        "nodemailer": {
          "optional": true
        }
      }
    },
    "node_modules/oauth": {
      "version": "0.9.15",
      "resolved": "https://registry.npmjs.org/oauth/-/oauth-0.9.15.tgz",
      "integrity": "sha512-a5ERWK1kh38ExDEfoO6qUHJb32rd7aYmPHuyCu3Fta/cnICvYmgd2uhuKXvPD+PXB+gCEYYEaQdIRAjCOwAKNA=="
    },
    "node_modules/object-hash": {
      "version": "2.2.0",
      "resolved": "https://registry.npmjs.org/object-hash/-/object-hash-2.2.0.tgz",
      "integrity": "sha512-gScRMn0bS5fH+IuwyIFgnh9zBdo4DV+6GhygmWM9HyNJSgS0hScp1f5vjtm7oIIOiT9trXrShAkLFSc2IqKNgw==",
      "engines": {
        "node": ">= 6"
      }
    },
    "node_modules/oidc-token-hash": {
      "version": "5.0.3",
      "resolved": "https://registry.npmjs.org/oidc-token-hash/-/oidc-token-hash-5.0.3.tgz",
      "integrity": "sha512-IF4PcGgzAr6XXSff26Sk/+P4KZFJVuHAJZj3wgO3vX2bMdNVp/QXTP3P7CEm9V1IdG8lDLY3HhiqpsE/nOwpPw==",
      "engines": {
        "node": "^10.13.0 || >=12.0.0"
      }
    },
    "node_modules/openid-client": {
      "version": "5.5.0",
      "resolved": "https://registry.npmjs.org/openid-client/-/openid-client-5.5.0.tgz",
      "integrity": "sha512-Y7Xl8BgsrkzWLHkVDYuroM67hi96xITyEDSkmWaGUiNX6CkcXC3XyQGdv5aWZ6dukVKBFVQCADi9gCavOmU14w==",
      "dependencies": {
        "jose": "^4.14.4",
        "lru-cache": "^6.0.0",
        "object-hash": "^2.2.0",
        "oidc-token-hash": "^5.0.3"
      },
      "funding": {
        "url": "https://github.com/sponsors/panva"
      }
    },
    "node_modules/picocolors": {
      "version": "1.0.0",
      "resolved": "https://registry.npmjs.org/picocolors/-/picocolors-1.0.0.tgz",
      "integrity": "sha512-1fygroTLlHu66zi26VoTDv8yRgm0Fccecssto+MhsZ0D/DGW2sm8E8AjW7NU5VVTRt5GxbeZ5qBuJr+HyLYkjQ=="
    },
    "node_modules/postcss": {
      "version": "8.4.14",
      "funding": [
        {
          "type": "opencollective",
          "url": "https://opencollective.com/postcss/"
        },
        {
          "type": "tidelift",
          "url": "https://tidelift.com/funding/github/npm/postcss"
        }
      ],
      "license": "MIT",
      "dependencies": {
        "nanoid": "^3.3.4",
        "picocolors": "^1.0.0",
        "source-map-js": "^1.0.2"
      },
      "engines": {
        "node": "^10 || ^12 || >=14"
      }
    },
    "node_modules/preact": {
      "version": "10.17.1",
      "resolved": "https://registry.npmjs.org/preact/-/preact-10.17.1.tgz",
      "integrity": "sha512-X9BODrvQ4Ekwv9GURm9AKAGaomqXmip7NQTZgY7gcNmr7XE83adOMJvd3N42id1tMFU7ojiynRsYnY6/BRFxLA==",
      "funding": {
        "type": "opencollective",
        "url": "https://opencollective.com/preact"
      }
    },
    "node_modules/preact-render-to-string": {
      "version": "5.2.6",
      "resolved": "https://registry.npmjs.org/preact-render-to-string/-/preact-render-to-string-5.2.6.tgz",
      "integrity": "sha512-JyhErpYOvBV1hEPwIxc/fHWXPfnEGdRKxc8gFdAZ7XV4tlzyzG847XAyEZqoDnynP88akM4eaHcSOzNcLWFguw==",
      "dependencies": {
        "pretty-format": "^3.8.0"
      },
      "peerDependencies": {
        "preact": ">=10"
      }
    },
    "node_modules/pretty-format": {
      "version": "3.8.0",
      "resolved": "https://registry.npmjs.org/pretty-format/-/pretty-format-3.8.0.tgz",
      "integrity": "sha512-WuxUnVtlWL1OfZFQFuqvnvs6MiAGk9UNsBostyBOB0Is9wb5uRESevA6rnl/rkksXaGX3GzZhPup5d6Vp1nFew=="
    },
    "node_modules/react": {
      "version": "18.2.0",
      "license": "MIT",
      "dependencies": {
        "loose-envify": "^1.1.0"
      },
      "engines": {
        "node": ">=0.10.0"
      }
    },
    "node_modules/react-dom": {
      "version": "18.2.0",
      "license": "MIT",
      "dependencies": {
        "loose-envify": "^1.1.0",
        "scheduler": "^0.23.0"
      },
      "peerDependencies": {
        "react": "^18.2.0"
      }
    },
    "node_modules/regenerator-runtime": {
      "version": "0.14.0",
      "resolved": "https://registry.npmjs.org/regenerator-runtime/-/regenerator-runtime-0.14.0.tgz",
      "integrity": "sha512-srw17NI0TUWHuGa5CFGGmhfNIeja30WMBfbslPNhf6JrqQlLN5gcrvig1oqPxiVaXb0oW0XRKtH6Nngs5lKCIA=="
    },
    "node_modules/scheduler": {
      "version": "0.23.0",
      "resolved": "https://registry.npmjs.org/scheduler/-/scheduler-0.23.0.tgz",
      "integrity": "sha512-CtuThmgHNg7zIZWAXi3AsyIzA3n4xx7aNyjwC2VJldO2LMVDhFK+63xGqq6CsJH4rTAt6/M+N4GhZiDYPx9eUw==",
      "dependencies": {
        "loose-envify": "^1.1.0"
      }
    },
    "node_modules/source-map-js": {
      "version": "1.0.2",
      "resolved": "https://registry.npmjs.org/source-map-js/-/source-map-js-1.0.2.tgz",
      "integrity": "sha512-R0XvVJ9WusLiqTCEiGCmICCMplcCkIwwR11mOSD9CR5u+IXYdiseeEuXCVAjS54zqwkLcPNnmU4OeJ6tUrWhDw==",
      "engines": {
        "node": ">=0.10.0"
      }
    },
    "node_modules/streamsearch": {
      "version": "1.1.0",
      "resolved": "https://registry.npmjs.org/streamsearch/-/streamsearch-1.1.0.tgz",
      "integrity": "sha512-Mcc5wHehp9aXz1ax6bZUyY5afg9u2rv5cqQI3mRrYkGC8rW2hM02jWuwjtL++LS5qinSyhj2QfLyNsuc+VsExg==",
      "engines": {
        "node": ">=10.0.0"
      }
    },
    "node_modules/styled-jsx": {
      "version": "5.1.1",
      "license": "MIT",
      "dependencies": {
        "client-only": "0.0.1"
      },
      "engines": {
        "node": ">= 12.0.0"
      },
      "peerDependencies": {
        "react": ">= 16.8.0 || 17.x.x || ^18.0.0-0"
      },
      "peerDependenciesMeta": {
        "@babel/core": {
          "optional": true
        },
        "babel-plugin-macros": {
          "optional": true
        }
      }
    },
    "node_modules/tslib": {
      "version": "2.6.2",
      "resolved": "https://registry.npmjs.org/tslib/-/tslib-2.6.2.tgz",
      "integrity": "sha512-AEYxH93jGFPn/a2iVAwW87VuUIkR1FVUKB77NwMF7nBTDkDrrT/Hpt/IrCJ0QXhW27jTBDcf5ZY7w6RiqTMw2Q=="
    },
    "node_modules/typescript": {
      "version": "5.2.2",
      "dev": true,
      "license": "Apache-2.0",
      "bin": {
        "tsc": "bin/tsc",
        "tsserver": "bin/tsserver"
      },
      "engines": {
        "node": ">=14.17"
      }
    },
    "node_modules/uuid": {
      "version": "8.3.2",
      "resolved": "https://registry.npmjs.org/uuid/-/uuid-8.3.2.tgz",
      "integrity": "sha512-+NYs2QeMWy+GWFOEm9xnn6HCDp0l7QBD7ml8zLUmJ+93Q5NF0NocErnwkTkXVFNiX3/fpC6afS8Dhb/gz7R7eg==",
      "bin": {
        "uuid": "dist/bin/uuid"
      }
    },
    "node_modules/watchpack": {
      "version": "2.4.0",
      "resolved": "https://registry.npmjs.org/watchpack/-/watchpack-2.4.0.tgz",
      "integrity": "sha512-Lcvm7MGST/4fup+ifyKi2hjyIAwcdI4HRgtvTpIUxBRhB+RFtUh8XtDOxUfctVCnhVi+QQj49i91OyvzkJl6cg==",
      "dependencies": {
        "glob-to-regexp": "^0.4.1",
        "graceful-fs": "^4.1.2"
      },
      "engines": {
        "node": ">=10.13.0"
      }
    },
    "node_modules/yallist": {
      "version": "4.0.0",
      "resolved": "https://registry.npmjs.org/yallist/-/yallist-4.0.0.tgz",
      "integrity": "sha512-3wdGidZyq5PB084XLES5TpOSRA3wjXAlIWMhum2kRcv/41Sn2emQ0dycQW4uZXLejwKvg6EsvbdlVL+FYEct7A=="
    },
    "node_modules/zod": {
      "version": "3.21.4",
      "resolved": "https://registry.npmjs.org/zod/-/zod-3.21.4.tgz",
      "integrity": "sha512-m46AKbrzKVzOzs/DZgVnG5H55N1sv1M8qZU3A8RIKbs3mrACDNeIOeilDymVb2HdmP8uwshOCF4uJ8uM9rCqJw==",
      "funding": {
        "url": "https://github.com/sponsors/colinhacks"
      }
    }
  }
}
